{
  "version": 4,
  "terraform_version": "1.5.7",
  "serial": 927,
  "lineage": "504985b3-53ae-67ec-116f-85be435180f5",
  "outputs": {
    "alb_public_url": {
      "value": "terraformEnvironment-alb-1844192724.eu-west-1.elb.amazonaws.com",
      "type": "string"
    }
  },
  "resources": [
    {
      "mode": "data",
      "type": "aws_ami",
      "name": "ubuntu",
      "provider": "provider[\"registry.terraform.io/hashicorp/aws\"]",
      "instances": [
        {
          "schema_version": 0,
          "attributes": {
            "architecture": "x86_64",
            "arn": "arn:aws:ec2:eu-west-1::image/ami-06ae1862eae49ac19",
            "block_device_mappings": [
              {
                "device_name": "/dev/sda1",
                "ebs": {
                  "delete_on_termination": "true",
                  "encrypted": "false",
                  "iops": "0",
                  "snapshot_id": "snap-0b496950b3e6148c2",
                  "throughput": "0",
                  "volume_size": "8",
                  "volume_type": "gp2"
                },
                "no_device": "",
                "virtual_name": ""
              },
              {
                "device_name": "/dev/sdb",
                "ebs": {},
                "no_device": "",
                "virtual_name": "ephemeral0"
              },
              {
                "device_name": "/dev/sdc",
                "ebs": {},
                "no_device": "",
                "virtual_name": "ephemeral1"
              }
            ],
            "boot_mode": "legacy-bios",
            "creation_date": "2023-11-17T04:19:36.000Z",
            "deprecation_time": "2025-11-17T04:19:36.000Z",
            "description": "Canonical, Ubuntu, 22.04 LTS, amd64 jammy image build on 2023-11-17",
            "ena_support": true,
            "executable_users": null,
            "filter": [
              {
                "name": "name",
                "values": [
                  "ubuntu/images/hvm-ssd/ubuntu-jammy-22.04-amd64-*"
                ]
              },
              {
                "name": "virtualization-type",
                "values": [
                  "hvm"
                ]
              }
            ],
            "hypervisor": "xen",
            "id": "ami-06ae1862eae49ac19",
            "image_id": "ami-06ae1862eae49ac19",
            "image_location": "amazon/ubuntu/images/hvm-ssd/ubuntu-jammy-22.04-amd64-server-20231117",
            "image_owner_alias": "amazon",
            "image_type": "machine",
            "imds_support": "",
            "include_deprecated": false,
            "kernel_id": "",
            "most_recent": true,
            "name": "ubuntu/images/hvm-ssd/ubuntu-jammy-22.04-amd64-server-20231117",
            "name_regex": null,
            "owner_id": "099720109477",
            "owners": [
              "099720109477"
            ],
            "platform": "",
            "platform_details": "Linux/UNIX",
            "product_codes": [],
            "public": true,
            "ramdisk_id": "",
            "root_device_name": "/dev/sda1",
            "root_device_type": "ebs",
            "root_snapshot_id": "snap-0b496950b3e6148c2",
            "sriov_net_support": "simple",
            "state": "available",
            "state_reason": {
              "code": "UNSET",
              "message": "UNSET"
            },
            "tags": {},
            "timeouts": null,
            "tpm_support": "",
            "usage_operation": "RunInstances",
            "virtualization_type": "hvm"
          },
          "sensitive_attributes": []
        }
      ]
    },
    {
      "mode": "data",
      "type": "aws_availability_zones",
      "name": "available",
      "provider": "provider[\"registry.terraform.io/hashicorp/aws\"]",
      "instances": [
        {
          "schema_version": 0,
          "attributes": {
            "all_availability_zones": null,
            "exclude_names": null,
            "exclude_zone_ids": null,
            "filter": null,
            "group_names": [
              "eu-west-1"
            ],
            "id": "eu-west-1",
            "names": [
              "eu-west-1a",
              "eu-west-1b",
              "eu-west-1c"
            ],
            "state": "available",
            "timeouts": null,
            "zone_ids": [
              "euw1-az2",
              "euw1-az3",
              "euw1-az1"
            ]
          },
          "sensitive_attributes": []
        }
      ]
    },
    {
      "mode": "managed",
      "type": "aws_autoscaling_group",
      "name": "auto_scaling_group",
      "provider": "provider[\"registry.terraform.io/hashicorp/aws\"]",
      "instances": [
        {
          "schema_version": 1,
          "attributes": {
            "arn": "arn:aws:autoscaling:eu-west-1:303968904536:autoScalingGroup:fb4db4cb-2330-4047-9a21-f2cef14e1303:autoScalingGroupName/my-autoscaling-group",
            "availability_zones": [
              "eu-west-1a",
              "eu-west-1b"
            ],
            "capacity_rebalance": false,
            "context": "",
            "default_cooldown": 300,
            "default_instance_warmup": 0,
            "desired_capacity": 1,
            "desired_capacity_type": "",
            "enabled_metrics": null,
            "force_delete": false,
            "force_delete_warm_pool": false,
            "health_check_grace_period": 300,
            "health_check_type": "EC2",
            "id": "my-autoscaling-group",
            "ignore_failed_scaling_activities": false,
            "initial_lifecycle_hook": [],
            "instance_refresh": [],
            "launch_configuration": "",
            "launch_template": [
              {
                "id": "lt-06865e800441e6d6a",
                "name": "terraformEnvironment-launch-template",
                "version": "1"
              }
            ],
            "load_balancers": [],
            "max_instance_lifetime": 0,
            "max_size": 5,
            "metrics_granularity": "1Minute",
            "min_elb_capacity": null,
            "min_size": 1,
            "mixed_instances_policy": [],
            "name": "my-autoscaling-group",
            "name_prefix": "",
            "placement_group": "",
            "predicted_capacity": 0,
            "protect_from_scale_in": false,
            "service_linked_role_arn": "arn:aws:iam::303968904536:role/aws-service-role/autoscaling.amazonaws.com/AWSServiceRoleForAutoScaling",
            "suspended_processes": null,
            "tag": [],
            "target_group_arns": [
              "arn:aws:elasticloadbalancing:eu-west-1:303968904536:targetgroup/terraformEnvironment-tgrp/e3adcac4fae451f7"
            ],
            "termination_policies": null,
            "timeouts": null,
            "traffic_source": [
              {
                "identifier": "arn:aws:elasticloadbalancing:eu-west-1:303968904536:targetgroup/terraformEnvironment-tgrp/e3adcac4fae451f7",
                "type": "elbv2"
              }
            ],
            "vpc_zone_identifier": [
              "subnet-0c35da497a9bbe7e7",
              "subnet-0f67ce31317c52851"
            ],
            "wait_for_capacity_timeout": "10m",
            "wait_for_elb_capacity": null,
            "warm_pool": [],
            "warm_pool_size": 0
          },
          "sensitive_attributes": [],
          "private": "eyJlMmJmYjczMC1lY2FhLTExZTYtOGY4OC0zNDM2M2JjN2M0YzAiOnsiZGVsZXRlIjo2MDAwMDAwMDAwMDAsInVwZGF0ZSI6NjAwMDAwMDAwMDAwfSwic2NoZW1hX3ZlcnNpb24iOiIxIn0=",
          "dependencies": [
            "aws_key_pair.id_rsa",
            "aws_launch_template.launch_template",
            "aws_lb_target_group.target_group",
            "aws_security_group.alb_security_group",
            "aws_security_group.asg_security_group",
            "aws_subnet.private_subnet",
            "aws_vpc.vpc",
            "data.aws_ami.ubuntu",
            "data.aws_availability_zones.available"
          ]
        }
      ]
    },
    {
      "mode": "managed",
      "type": "aws_autoscaling_policy",
      "name": "scale_down_policy",
      "provider": "provider[\"registry.terraform.io/hashicorp/aws\"]",
      "instances": [
        {
          "schema_version": 0,
          "attributes": {
            "adjustment_type": "ChangeInCapacity",
            "arn": "arn:aws:autoscaling:eu-west-1:303968904536:scalingPolicy:0e1985ec-18e1-4a1b-a553-cf13d54b700d:autoScalingGroupName/my-autoscaling-group:policyName/scale-down-policy",
            "autoscaling_group_name": "my-autoscaling-group",
            "cooldown": 300,
            "enabled": true,
            "estimated_instance_warmup": 0,
            "id": "scale-down-policy",
            "metric_aggregation_type": "",
            "min_adjustment_magnitude": 0,
            "name": "scale-down-policy",
            "policy_type": "SimpleScaling",
            "predictive_scaling_configuration": [],
            "scaling_adjustment": -1,
            "step_adjustment": [],
            "target_tracking_configuration": []
          },
          "sensitive_attributes": [],
          "private": "bnVsbA==",
          "dependencies": [
            "aws_autoscaling_group.auto_scaling_group",
            "aws_key_pair.id_rsa",
            "aws_launch_template.launch_template",
            "aws_lb_target_group.target_group",
            "aws_security_group.alb_security_group",
            "aws_security_group.asg_security_group",
            "aws_subnet.private_subnet",
            "aws_vpc.vpc",
            "data.aws_ami.ubuntu",
            "data.aws_availability_zones.available"
          ]
        }
      ]
    },
    {
      "mode": "managed",
      "type": "aws_autoscaling_policy",
      "name": "scale_up_policy",
      "provider": "provider[\"registry.terraform.io/hashicorp/aws\"]",
      "instances": [
        {
          "schema_version": 0,
          "attributes": {
            "adjustment_type": "ChangeInCapacity",
            "arn": "arn:aws:autoscaling:eu-west-1:303968904536:scalingPolicy:b28de42a-6471-4aa2-8ddf-a3e2cbb4f3ed:autoScalingGroupName/my-autoscaling-group:policyName/scale-up-policy",
            "autoscaling_group_name": "my-autoscaling-group",
            "cooldown": 300,
            "enabled": true,
            "estimated_instance_warmup": 0,
            "id": "scale-up-policy",
            "metric_aggregation_type": "",
            "min_adjustment_magnitude": 0,
            "name": "scale-up-policy",
            "policy_type": "SimpleScaling",
            "predictive_scaling_configuration": [],
            "scaling_adjustment": 1,
            "step_adjustment": [],
            "target_tracking_configuration": []
          },
          "sensitive_attributes": [],
          "private": "bnVsbA==",
          "dependencies": [
            "aws_autoscaling_group.auto_scaling_group",
            "aws_key_pair.id_rsa",
            "aws_launch_template.launch_template",
            "aws_lb_target_group.target_group",
            "aws_security_group.alb_security_group",
            "aws_security_group.asg_security_group",
            "aws_subnet.private_subnet",
            "aws_vpc.vpc",
            "data.aws_ami.ubuntu",
            "data.aws_availability_zones.available"
          ]
        }
      ]
    },
    {
      "mode": "managed",
      "type": "aws_cloudwatch_metric_alarm",
      "name": "cpu_alarm",
      "provider": "provider[\"registry.terraform.io/hashicorp/aws\"]",
      "instances": [
        {
          "schema_version": 1,
          "attributes": {
            "actions_enabled": true,
            "alarm_actions": [
              "arn:aws:autoscaling:eu-west-1:303968904536:scalingPolicy:b28de42a-6471-4aa2-8ddf-a3e2cbb4f3ed:autoScalingGroupName/my-autoscaling-group:policyName/scale-up-policy"
            ],
            "alarm_description": "CPU utilization exceeds 70%",
            "alarm_name": "cpu-utilization-alarm",
            "arn": "arn:aws:cloudwatch:eu-west-1:303968904536:alarm:cpu-utilization-alarm",
            "comparison_operator": "GreaterThanOrEqualToThreshold",
            "datapoints_to_alarm": 0,
            "dimensions": {
              "AutoScalingGroupName": "my-autoscaling-group"
            },
            "evaluate_low_sample_count_percentiles": "",
            "evaluation_periods": 2,
            "extended_statistic": "",
            "id": "cpu-utilization-alarm",
            "insufficient_data_actions": null,
            "metric_name": "CPUUtilization",
            "metric_query": [],
            "namespace": "AWS/EC2",
            "ok_actions": [
              "arn:aws:autoscaling:eu-west-1:303968904536:scalingPolicy:0e1985ec-18e1-4a1b-a553-cf13d54b700d:autoScalingGroupName/my-autoscaling-group:policyName/scale-down-policy"
            ],
            "period": 300,
            "statistic": "Average",
            "tags": null,
            "tags_all": {},
            "threshold": 70,
            "threshold_metric_id": "",
            "treat_missing_data": "missing",
            "unit": ""
          },
          "sensitive_attributes": [],
          "private": "eyJzY2hlbWFfdmVyc2lvbiI6IjEifQ==",
          "dependencies": [
            "aws_autoscaling_group.auto_scaling_group",
            "aws_autoscaling_policy.scale_down_policy",
            "aws_autoscaling_policy.scale_up_policy",
            "aws_key_pair.id_rsa",
            "aws_launch_template.launch_template",
            "aws_lb_target_group.target_group",
            "aws_security_group.alb_security_group",
            "aws_security_group.asg_security_group",
            "aws_subnet.private_subnet",
            "aws_vpc.vpc",
            "data.aws_ami.ubuntu",
            "data.aws_availability_zones.available"
          ]
        }
      ]
    },
    {
      "mode": "managed",
      "type": "aws_eip",
      "name": "elastic_ip",
      "provider": "provider[\"registry.terraform.io/hashicorp/aws\"]",
      "instances": [
        {
          "schema_version": 0,
          "attributes": {
            "address": null,
            "allocation_id": "eipalloc-023cc0ab507f5de92",
            "associate_with_private_ip": null,
            "association_id": "",
            "carrier_ip": "",
            "customer_owned_ip": "",
            "customer_owned_ipv4_pool": "",
            "domain": "vpc",
            "id": "eipalloc-023cc0ab507f5de92",
            "instance": "",
            "network_border_group": "eu-west-1",
            "network_interface": "",
            "private_dns": null,
            "private_ip": "",
            "public_dns": "ec2-46-137-40-75.eu-west-1.compute.amazonaws.com",
            "public_ip": "46.137.40.75",
            "public_ipv4_pool": "amazon",
            "tags": {
              "Name": "terraformEnvironment-elastic-ip"
            },
            "tags_all": {
              "Name": "terraformEnvironment-elastic-ip"
            },
            "timeouts": null,
            "vpc": true
          },
          "sensitive_attributes": [],
          "private": "eyJlMmJmYjczMC1lY2FhLTExZTYtOGY4OC0zNDM2M2JjN2M0YzAiOnsiZGVsZXRlIjoxODAwMDAwMDAwMDAsInJlYWQiOjkwMDAwMDAwMDAwMCwidXBkYXRlIjozMDAwMDAwMDAwMDB9fQ=="
        }
      ]
    },
    {
      "mode": "managed",
      "type": "aws_internet_gateway",
      "name": "internet_gateway",
      "provider": "provider[\"registry.terraform.io/hashicorp/aws\"]",
      "instances": [
        {
          "schema_version": 0,
          "attributes": {
            "arn": "arn:aws:ec2:eu-west-1:303968904536:internet-gateway/igw-01105cf52c7cb4950",
            "id": "igw-01105cf52c7cb4950",
            "owner_id": "303968904536",
            "tags": {
              "Name": "TF_internet_gateway"
            },
            "tags_all": {
              "Name": "TF_internet_gateway"
            },
            "timeouts": null,
            "vpc_id": "vpc-086f7b655cbbc33b5"
          },
          "sensitive_attributes": [],
          "private": "eyJlMmJmYjczMC1lY2FhLTExZTYtOGY4OC0zNDM2M2JjN2M0YzAiOnsiY3JlYXRlIjoxMjAwMDAwMDAwMDAwLCJkZWxldGUiOjEyMDAwMDAwMDAwMDAsInVwZGF0ZSI6MTIwMDAwMDAwMDAwMH19",
          "dependencies": [
            "aws_vpc.vpc"
          ]
        }
      ]
    },
    {
      "mode": "managed",
      "type": "aws_key_pair",
      "name": "id_rsa",
      "provider": "provider[\"registry.terraform.io/hashicorp/aws\"]",
      "instances": [
        {
          "schema_version": 1,
          "attributes": {
            "arn": "arn:aws:ec2:eu-west-1:303968904536:key-pair/id_rsa",
            "fingerprint": "92:96:27:ae:9e:bb:f4:fb:d1:25:1e:38:0d:ec:44:b8",
            "id": "id_rsa",
            "key_name": "id_rsa",
            "key_name_prefix": "",
            "key_pair_id": "key-0aa3cd3b3aa2e8daa",
            "key_type": "rsa",
            "public_key": "ssh-rsa AAAAB3NzaC1yc2EAAAADAQABAAABgQCvaYS7xFEhPjckRbXH4SrzLyFP0+qZUqwT7eczVr0qqKsh+iqmlp1xEV+Wrgb0WbbZDolKasvEF7jLDv/0IJNbLGYT/sAik/KFowYX34E1f5GWMBNmzW/S40lI0SNByToAFx2xn3topCa880W+n4lG5jJ+vIiE9+mDG/R/RIzHtv2Sl/CeiKGM+3yi7PeBmnhgPyHc4ovXwC7kLnufHvP0rwt0p4ZCpjMCtp/9uHtMpyYeURfB7Kh3wA/8e8y/1WYWcj+qbHvfl8pcbamzSGHIne1bDF+F8nTtnVl+pWIjHswqM1RpYOuQC/cWBHJT4w6PIRipcFjJiSmoEzgD4vR01NZDttkEBWJZF93Kyx0I3idnmSOF5x/du2yv1/HFUGsmpVCG927Cu/hADV7cPkDJMf5ZHgOP6TyOMbovEtrQL2yorFVYaOKyOCh1Wr0RaJcFOyJONBRN8dtc+vTBPrH0ECjxhjlFs43gJN1vDpUJ7ZjvffL0FiOanSfb9SHC6D0= walkover@walkover-OptiPlex-7450-AIO",
            "tags": null,
            "tags_all": {}
          },
          "sensitive_attributes": [],
          "private": "eyJzY2hlbWFfdmVyc2lvbiI6IjEifQ=="
        }
      ]
    },
    {
      "mode": "managed",
      "type": "aws_launch_template",
      "name": "launch_template",
      "provider": "provider[\"registry.terraform.io/hashicorp/aws\"]",
      "instances": [
        {
          "schema_version": 0,
          "attributes": {
            "arn": "arn:aws:ec2:eu-west-1:303968904536:launch-template/lt-06865e800441e6d6a",
            "block_device_mappings": [],
            "capacity_reservation_specification": [],
            "cpu_options": [],
            "credit_specification": [],
            "default_version": 1,
            "description": "",
            "disable_api_stop": false,
            "disable_api_termination": false,
            "ebs_optimized": "",
            "elastic_gpu_specifications": [],
            "elastic_inference_accelerator": [],
            "enclave_options": [],
            "hibernation_options": [],
            "iam_instance_profile": [],
            "id": "lt-06865e800441e6d6a",
            "image_id": "ami-06ae1862eae49ac19",
            "instance_initiated_shutdown_behavior": "",
            "instance_market_options": [],
            "instance_requirements": [],
            "instance_type": "t2.micro",
            "kernel_id": "",
            "key_name": "id_rsa",
            "latest_version": 1,
            "license_specification": [],
            "maintenance_options": [],
            "metadata_options": [],
            "monitoring": [],
            "name": "terraformEnvironment-launch-template",
            "name_prefix": "",
            "network_interfaces": [
              {
                "associate_carrier_ip_address": "",
                "associate_public_ip_address": "",
                "delete_on_termination": "",
                "description": "",
                "device_index": 0,
                "interface_type": "",
                "ipv4_address_count": 0,
                "ipv4_addresses": null,
                "ipv4_prefix_count": 0,
                "ipv4_prefixes": null,
                "ipv6_address_count": 0,
                "ipv6_addresses": null,
                "ipv6_prefix_count": 0,
                "ipv6_prefixes": null,
                "network_card_index": 0,
                "network_interface_id": "",
                "private_ip_address": "",
                "security_groups": [
                  "sg-007f139690ddccc58"
                ],
                "subnet_id": ""
              }
            ],
            "placement": [],
            "private_dns_name_options": [],
            "ram_disk_id": "",
            "security_group_names": null,
            "tag_specifications": [
              {
                "resource_type": "instance",
                "tags": {
                  "Name": "terraformEnvironment-asg-ec2"
                }
              }
            ],
            "tags": null,
            "tags_all": {},
            "update_default_version": null,
            "user_data": "IyEvYmluL2Jhc2gKIyBJbnN0YWxsIEFwYWNoZSBvbiBVYnVudHUKIyBzdWRvIGFwdCB1cGRhdGUgLXkKIyBzdWRvIGFwdCBpbnN0YWxsIC15IGFwYWNoZTIKIyBzdWRvIGNhdCA+IC92YXIvd3d3L2h0bWwvaW5kZXguaHRtbCA8PCBFT0YKIyA8aHRtbD4KIyA8aGVhZD4KIyAgIDx0aXRsZT4gQXBhY2hlIDIwMjMgVGVycmFmb3JtIDwvdGl0bGU+CiMgPC9oZWFkPgojIDxib2R5PgojICAgPHA+IFdlbGNvbWUgdG8gV2Fsa292ZXIhITwvcD4KIyA8L2JvZHk+CiMgPC9odG1sPgoKCiMgSW5zdGFsbCBuZ2lueCBvbiBVYnVudHUKc3VkbyBhcHQgdXBkYXRlIC15CnN1ZG8gYXB0IGluc3RhbGwgbmdpbnggLXkKc3VkbyBzeXN0ZW1jdGwgc3RhcnQgbmdpbngKc3VkbyBzeXN0ZW1jdGwgc3RhdHVzIG5naW54CgojcGhwLWZwbSBpbnN0YWxsCnN1ZG8gYWRkLWFwdC1yZXBvc2l0b3J5IHBwYTpvbmRyZWovcGhwIC15CnN1ZG8gYXB0IHVwZGF0ZQpzdWRvIGFwdCBpbnN0YWxsIHBocDguMS1mcG0gLXkKCiNQSFAgRXh0ZW5zaW9uCnN1ZG8gYXB0IGluc3RhbGwgcGhwOC4xLWN0eXBlIHBocDguMS1jdXJsIHBocDguMS1kb20gcGhwOC4xLWZpbGVpbmZvIHBocDguMS1maWx0ZXIgcGhwOC4xLWhhc2ggcGhwOC4xLW1ic3RyaW5nIHBocDguMS1vcGVuc3NsIHBocDguMS1wY3JlIHBocDguMS1wZG8gcGhwOC4xLXNlc3Npb24gcGhwOC4xLXRva2VuaXplciBwaHA4LjEteG1sIC15CnN1ZG8gYXB0IGluc3RhbGwgcGhwOC4xLWZwbSBwaHA4LjEtY3R5cGUgcGhwOC4xLWN1cmwgcGhwOC4xLWRvbSBwaHA4LjEtZmlsZWluZm8gcGhwOC4xLWZpbHRlciBwaHA4LjEtaGFzaCBwaHA4LjEtbWJzdHJpbmcgcGhwOC4xLW9wZW5zc2wgcGhwOC4xLXBjcmUgcGhwOC4xLXBkbyBwaHA4LjEtc2Vzc2lvbiBwaHA4LjEtdG9rZW5pemVyIHBocDguMS14bWwgLXkKc3VkbyBhcHQgaW5zdGFsbCBwaHA4LjEtZnBtIHBocDguMS1jb21tb24gcGhwOC4xLWN0eXBlIHBocDguMS1jdXJsIHBocDguMS1kb20gcGhwOC4xLWZpbGVpbmZvIHBocDguMS1tYnN0cmluZyBwaHA4LjEtcGRvIHBocDguMS14bWwgLXkKCnN1ZG8gdG91Y2ggL2V0Yy9uZ2lueC9jb25mLmQvZGVmYXVsdC5jb25mCnN1ZG8gY2htb2QgNzc3IC9ldGMvbmdpbngvY29uZi5kL2RlZmF1bHQuY29uZgpzdWRvIGNkIC9ldGMvbmdpbngvY29uZi5kCgpjYXQgPiBkZWZhdWx0LmNvbmYgPDwgRU9MIApzZXJ2ZXIgewogICAgIyBMaXN0ZW4gb24gcG9ydCA4MAogICAgIyBvbiBib3RoIElQdjQgYW5kIElQdjYKICAgIGxpc3RlbiA4MCBkZWZhdWx0X3NlcnZlciBpcHY2b25seT1vbjsKICAgIGxpc3RlbiBbOjpdOjgwIGRlZmF1bHRfc2VydmVyIGlwdjZvbmx5PW9uOwoKICAgICMgeW91ciBkb21haW4gb3IgaXAgYWRkcmVzcwogICAgc2VydmVyX25hbWUgXzsKCiAgICAjIGRvY3VtZW50IHJvb3QKICAgIHJvb3QgL3Zhci93d3cvaHRtbC9wdWJsaWM7CgogICAgIyBYLUZyYW1lLU9wdGlvbnMKICAgICMgY29uZmlnIHRvIGRvbid0IGFsbG93IHRoZSBicm93c2VyIHRvIHJlbmRlciB0aGUgcGFnZSBpbnNpZGUgYW4gZnJhbWUgb3IgaWZyYW1lCiAgICAjIGFuZCBhdm9pZCBjbGlja2phY2tpbmcgaHR0cDovL2VuLndpa2lwZWRpYS5vcmcvd2lraS9DbGlja2phY2tpbmcKICAgICMgaWYgeW91IG5lZWQgdG8gYWxsb3cgW2ldZnJhbWVzLCB5b3UgY2FuIHVzZSBTQU1FT1JJR0lOIG9yIGV2ZW4gc2V0IGFuIHVyaSB3aXRoIEFMTE9XLUZST00gdXJpCiAgICAjIGh0dHBzOi8vZGV2ZWxvcGVyLm1vemlsbGEub3JnL2VuLVVTL2RvY3MvSFRUUC9YLUZyYW1lLU9wdGlvbnMKICAgIGFkZF9oZWFkZXIgWC1GcmFtZS1PcHRpb25zICJTQU1FT1JJR0lOIiBhbHdheXM7CiAgICAKICAgICMgWC1Db250ZW50LVR5cGUtT3B0aW9ucwogICAgIyB3aGVuIHNlcnZpbmcgdXNlci1zdXBwbGllZCBjb250ZW50LCBpbmNsdWRlIGEgWC1Db250ZW50LVR5cGUtT3B0aW9uczogbm9zbmlmZiBoZWFkZXIgYWxvbmcgd2l0aCB0aGUgQ29udGVudC1UeXBlOiBoZWFkZXIsCiAgICAjIHRvIGRpc2FibGUgY29udGVudC10eXBlIHNuaWZmaW5nIG9uIHNvbWUgYnJvd3NlcnMuCiAgICAjIGh0dHBzOi8vd3d3Lm93YXNwLm9yZy9pbmRleC5waHAvTGlzdF9vZl91c2VmdWxfSFRUUF9oZWFkZXJzCiAgICAjIGN1cnJlbnRseSBzdXBwb29ydGVkIGluIElFID4gOCBodHRwOi8vYmxvZ3MubXNkbi5jb20vYi9pZS9hcmNoaXZlLzIwMDgvMDkvMDIvaWU4LXNlY3VyaXR5LXBhcnQtdmktYmV0YS0yLXVwZGF0ZS5hc3B4CiAgICAjIGh0dHA6Ly9tc2RuLm1pY3Jvc29mdC5jb20vZW4tdXMvbGlicmFyeS9pZS9nZzYyMjk0MSh2PXZzLjg1KS5hc3B4CiAgICAjICdzb29uJyBvbiBGaXJlZm94IGh0dHBzOi8vYnVnemlsbGEubW96aWxsYS5vcmcvc2hvd19idWcuY2dpP2lkPTQ3MTAyMAogICAgYWRkX2hlYWRlciBYLUNvbnRlbnQtVHlwZS1PcHRpb25zICJub3NuaWZmIiBhbHdheXM7CiAgICAKICAgICMgWC1YU1MtUHJvdGVjdGlvbgogICAgIyBUaGlzIGhlYWRlciBlbmFibGVzIHRoZSBDcm9zcy1zaXRlIHNjcmlwdGluZyAoWFNTKSBmaWx0ZXIgYnVpbHQgaW50byBtb3N0IHJlY2VudCB3ZWIgYnJvd3NlcnMuCiAgICAjIEl0J3MgdXN1YWxseSBlbmFibGVkIGJ5IGRlZmF1bHQgYW55d2F5LCBzbyB0aGUgcm9sZSBvZiB0aGlzIGhlYWRlciBpcyB0byByZS1lbmFibGUgdGhlIGZpbHRlciBmb3IgCiAgICAjIHRoaXMgcGFydGljdWxhciB3ZWJzaXRlIGlmIGl0IHdhcyBkaXNhYmxlZCBieSB0aGUgdXNlci4KICAgICMgaHR0cHM6Ly93d3cub3dhc3Aub3JnL2luZGV4LnBocC9MaXN0X29mX3VzZWZ1bF9IVFRQX2hlYWRlcnMKICAgIGFkZF9oZWFkZXIgWC1YU1MtUHJvdGVjdGlvbiAiMTsgbW9kZT1ibG9jayIgYWx3YXlzOwoKICAgICMgUHJpb3JpdHkgZmlsZSBleHRlbnNpb25zLCBBZGQgaW5kZXgucGhwIHRvIHRoZSBsaXN0IGlmIHlvdSBhcmUgdXNpbmcgUEhQCiAgICBpbmRleCBpbmRleC5waHA7CgogICAgIyByZW1vdmVzIHRyYWlsaW5nIHNsYXNoZXMgKHByZXZlbnRzIFNFTyBkdXBsaWNhdGUgY29udGVudCBpc3N1ZXMpCglpZiAoIS1kICRyZXF1ZXN0X2ZpbGVuYW1lKQoJewoJCXJld3JpdGUgXi8oLispLyQgLyQxIHBlcm1hbmVudDsKCX0KCiAgICAjYWNjZXNzX2xvZyAgL3Zhci9sb2cvbmdpbngvaG9zdC5hY2Nlc3MubG9nICBtYWluOwoKICAgICMgRGVmaW5lIHRoZSBkb2N1bWVudCByb290IG9mIHRoZSBzZXJ2ZXIgZS5nIC92YXIvd3d3L2h0bWwKICAgIGxvY2F0aW9uIC8gewogICAgICAgIHRyeV9maWxlcyAkdXJpICR1cmkvIC9pbmRleC5waHA/JHF1ZXJ5X3N0cmluZzsKICAgIH0KCiAgICBsb2NhdGlvbiA9IC9mYXZpY29uLmljbyB7CiAgICAgICAgYWNjZXNzX2xvZyBvZmY7CiAgICAgICAgbG9nX25vdF9mb3VuZCBvbjsKICAgIH0KICAgIGxvY2F0aW9uID0gL3JvYm90cy50eHQgIHsKICAgICAgICBhY2Nlc3NfbG9nIG9mZjsKICAgICAgICBsb2dfbm90X2ZvdW5kIG9uOwogICAgfQoKICAgIGVycm9yX3BhZ2UgNDA0IC9pbmRleC5waHA7CiAgICAjIHJlZGlyZWN0IHNlcnZlciBlcnJvciBwYWdlcyB0byB0aGUgc3RhdGljIHBhZ2UgLzUweC5odG1sCiAgICBlcnJvcl9wYWdlIDUwMCA1MDIgNTAzIDUwNCAvaW5kZXgucGhwOwoKICAgICMgcGFzcyB0aGUgUEhQIHNjcmlwdHMgdG8gRmFzdENHSSBzZXJ2ZXIgbGlzdGVuaW5nIG9uIDEyNy4wLjAuMTo5MDAwCiAgICBsb2NhdGlvbiB+IFwucGhwJCB7CiAgICAgICAgZmFzdGNnaV9zcGxpdF9wYXRoX2luZm8gXiguK1wucGhwKSgvLispJDsKICAgICAgICBmYXN0Y2dpX3Bhc3MgcGhwLWZwbTo5MDAwOwogICAgICAgIGZhc3RjZ2lfaW5kZXggaW5kZXgucGhwOwogICAgICAgIGluY2x1ZGUgZmFzdGNnaV9wYXJhbXM7CiAgICAgICAgZmFzdGNnaV9wYXJhbSBTQ1JJUFRfRklMRU5BTUUgJHJlYWxwYXRoX3Jvb3QkZmFzdGNnaV9zY3JpcHRfbmFtZTsKICAgICAgICBmYXN0Y2dpX3BhcmFtIFBBVEhfSU5GTyAkZmFzdGNnaV9wYXRoX2luZm87CiAgICB9CgogICAgbG9jYXRpb24gfiAvXC4oPyF3ZWxsLWtub3duKS4qIHsKICAgICAgICBkZW55IGFsbDsKICAgIH0KCiAgICAjIERlbnkgYWNjZXNzIHRvIGhpZGRlbiBmaWxlcyAoYmVnaW5uaW5nIHdpdGggYSBwZXJpb2QpCiAgICBsb2NhdGlvbiB+IC9cLiB7CiAgICAgICAgZGVueSBhbGw7CiAgICB9CgogICAgIyBkZW55IGFjY2VzcyB0byAuaHRhY2Nlc3MgZmlsZXMsCiAgICAjIGlmIEFwYWNoZSdzIGRvY3VtZW50IHJvb3QKICAgICMgZGVueSBhY2Nlc3MgdG8gLmh0YWNjZXNzIGZpbGVzCiAgICBsb2NhdGlvbiB+IC9cLmh0IHsKICAgICAgICBkZW55ICBhbGw7CiAgICB9Cn0KRU9MCgpzdWRvIHN5c3RlbWN0bCByZXN0YXJ0IG5naW54Cgo=",
            "vpc_security_group_ids": null
          },
          "sensitive_attributes": [],
          "private": "bnVsbA==",
          "dependencies": [
            "aws_key_pair.id_rsa",
            "aws_security_group.alb_security_group",
            "aws_security_group.asg_security_group",
            "aws_vpc.vpc",
            "data.aws_ami.ubuntu"
          ]
        }
      ]
    },
    {
      "mode": "managed",
      "type": "aws_lb",
      "name": "alb",
      "provider": "provider[\"registry.terraform.io/hashicorp/aws\"]",
      "instances": [
        {
          "schema_version": 0,
          "attributes": {
            "access_logs": [
              {
                "bucket": "",
                "enabled": false,
                "prefix": ""
              }
            ],
            "arn": "arn:aws:elasticloadbalancing:eu-west-1:303968904536:loadbalancer/app/terraformEnvironment-alb/601ab4dd16675ab5",
            "arn_suffix": "app/terraformEnvironment-alb/601ab4dd16675ab5",
            "customer_owned_ipv4_pool": "",
            "desync_mitigation_mode": "defensive",
            "dns_name": "terraformEnvironment-alb-1844192724.eu-west-1.elb.amazonaws.com",
            "dns_record_client_routing_policy": null,
            "drop_invalid_header_fields": false,
            "enable_cross_zone_load_balancing": true,
            "enable_deletion_protection": false,
            "enable_http2": true,
            "enable_tls_version_and_cipher_suite_headers": false,
            "enable_waf_fail_open": false,
            "enable_xff_client_port": false,
            "id": "arn:aws:elasticloadbalancing:eu-west-1:303968904536:loadbalancer/app/terraformEnvironment-alb/601ab4dd16675ab5",
            "idle_timeout": 60,
            "internal": false,
            "ip_address_type": "ipv4",
            "load_balancer_type": "application",
            "name": "terraformEnvironment-alb",
            "name_prefix": "",
            "preserve_host_header": false,
            "security_groups": [
              "sg-06d578b9fcd6f6e61"
            ],
            "subnet_mapping": [
              {
                "allocation_id": "",
                "ipv6_address": "",
                "outpost_id": "",
                "private_ipv4_address": "",
                "subnet_id": "subnet-0089e23d44c7ead8c"
              },
              {
                "allocation_id": "",
                "ipv6_address": "",
                "outpost_id": "",
                "private_ipv4_address": "",
                "subnet_id": "subnet-0ed58b0c1b3a78eec"
              }
            ],
            "subnets": [
              "subnet-0089e23d44c7ead8c",
              "subnet-0ed58b0c1b3a78eec"
            ],
            "tags": null,
            "tags_all": {},
            "timeouts": null,
            "vpc_id": "vpc-086f7b655cbbc33b5",
            "xff_header_processing_mode": "append",
            "zone_id": "Z32O12XQLNTSW2"
          },
          "sensitive_attributes": [],
          "private": "eyJlMmJmYjczMC1lY2FhLTExZTYtOGY4OC0zNDM2M2JjN2M0YzAiOnsiY3JlYXRlIjo2MDAwMDAwMDAwMDAsImRlbGV0ZSI6NjAwMDAwMDAwMDAwLCJ1cGRhdGUiOjYwMDAwMDAwMDAwMH19",
          "dependencies": [
            "aws_security_group.alb_security_group",
            "aws_subnet.public_subnet",
            "aws_vpc.vpc",
            "data.aws_availability_zones.available"
          ]
        }
      ]
    },
    {
      "mode": "managed",
      "type": "aws_lb_listener",
      "name": "alb_listener",
      "provider": "provider[\"registry.terraform.io/hashicorp/aws\"]",
      "instances": [
        {
          "schema_version": 0,
          "attributes": {
            "alpn_policy": null,
            "arn": "arn:aws:elasticloadbalancing:eu-west-1:303968904536:listener/app/terraformEnvironment-alb/601ab4dd16675ab5/7f444d8d91347a9f",
            "certificate_arn": null,
            "default_action": [
              {
                "authenticate_cognito": [],
                "authenticate_oidc": [],
                "fixed_response": [],
                "forward": [],
                "order": 1,
                "redirect": [],
                "target_group_arn": "arn:aws:elasticloadbalancing:eu-west-1:303968904536:targetgroup/terraformEnvironment-tgrp/e3adcac4fae451f7",
                "type": "forward"
              }
            ],
            "id": "arn:aws:elasticloadbalancing:eu-west-1:303968904536:listener/app/terraformEnvironment-alb/601ab4dd16675ab5/7f444d8d91347a9f",
            "load_balancer_arn": "arn:aws:elasticloadbalancing:eu-west-1:303968904536:loadbalancer/app/terraformEnvironment-alb/601ab4dd16675ab5",
            "port": 80,
            "protocol": "HTTP",
            "ssl_policy": "",
            "tags": {
              "Name": "terraformEnvironment-alb-listenter"
            },
            "tags_all": {
              "Name": "terraformEnvironment-alb-listenter"
            },
            "timeouts": null
          },
          "sensitive_attributes": [],
          "private": "eyJlMmJmYjczMC1lY2FhLTExZTYtOGY4OC0zNDM2M2JjN2M0YzAiOnsicmVhZCI6NjAwMDAwMDAwMDAwfX0=",
          "dependencies": [
            "aws_lb.alb",
            "aws_lb_target_group.target_group",
            "aws_security_group.alb_security_group",
            "aws_subnet.public_subnet",
            "aws_vpc.vpc",
            "data.aws_availability_zones.available"
          ]
        }
      ]
    },
    {
      "mode": "managed",
      "type": "aws_lb_target_group",
      "name": "target_group",
      "provider": "provider[\"registry.terraform.io/hashicorp/aws\"]",
      "instances": [
        {
          "schema_version": 0,
          "attributes": {
            "arn": "arn:aws:elasticloadbalancing:eu-west-1:303968904536:targetgroup/terraformEnvironment-tgrp/e3adcac4fae451f7",
            "arn_suffix": "targetgroup/terraformEnvironment-tgrp/e3adcac4fae451f7",
            "connection_termination": null,
            "deregistration_delay": "300",
            "health_check": [
              {
                "enabled": true,
                "healthy_threshold": 3,
                "interval": 30,
                "matcher": "200",
                "path": "/",
                "port": "traffic-port",
                "protocol": "HTTP",
                "timeout": 5,
                "unhealthy_threshold": 3
              }
            ],
            "id": "arn:aws:elasticloadbalancing:eu-west-1:303968904536:targetgroup/terraformEnvironment-tgrp/e3adcac4fae451f7",
            "ip_address_type": "ipv4",
            "lambda_multi_value_headers_enabled": false,
            "load_balancing_algorithm_type": "round_robin",
            "load_balancing_cross_zone_enabled": "use_load_balancer_configuration",
            "name": "terraformEnvironment-tgrp",
            "name_prefix": "",
            "port": 80,
            "preserve_client_ip": null,
            "protocol": "HTTP",
            "protocol_version": "HTTP1",
            "proxy_protocol_v2": false,
            "slow_start": 0,
            "stickiness": [
              {
                "cookie_duration": 86400,
                "cookie_name": "",
                "enabled": false,
                "type": "lb_cookie"
              }
            ],
            "tags": null,
            "tags_all": {},
            "target_failover": [
              {
                "on_deregistration": null,
                "on_unhealthy": null
              }
            ],
            "target_health_state": [
              {
                "enable_unhealthy_connection_termination": null
              }
            ],
            "target_type": "instance",
            "vpc_id": "vpc-086f7b655cbbc33b5"
          },
          "sensitive_attributes": [],
          "private": "bnVsbA==",
          "dependencies": [
            "aws_vpc.vpc"
          ]
        }
      ]
    },
    {
      "mode": "managed",
      "type": "aws_nat_gateway",
      "name": "nat_gateway",
      "provider": "provider[\"registry.terraform.io/hashicorp/aws\"]",
      "instances": [
        {
          "schema_version": 0,
          "attributes": {
            "allocation_id": "eipalloc-023cc0ab507f5de92",
            "association_id": "eipassoc-04d8bf1724ceaaea3",
            "connectivity_type": "public",
            "id": "nat-01d30e2e3d76ed3c1",
            "network_interface_id": "eni-018a8060daf675d7b",
            "private_ip": "10.10.0.35",
            "public_ip": "46.137.40.75",
            "secondary_allocation_ids": null,
            "secondary_private_ip_address_count": 0,
            "secondary_private_ip_addresses": [],
            "subnet_id": "subnet-0089e23d44c7ead8c",
            "tags": {
              "Name": "TFInternetGateway"
            },
            "tags_all": {
              "Name": "TFInternetGateway"
            },
            "timeouts": null
          },
          "sensitive_attributes": [],
          "private": "eyJlMmJmYjczMC1lY2FhLTExZTYtOGY4OC0zNDM2M2JjN2M0YzAiOnsiY3JlYXRlIjo2MDAwMDAwMDAwMDAsImRlbGV0ZSI6MTgwMDAwMDAwMDAwMCwidXBkYXRlIjo2MDAwMDAwMDAwMDB9fQ==",
          "dependencies": [
            "aws_eip.elastic_ip",
            "aws_internet_gateway.internet_gateway",
            "aws_subnet.public_subnet",
            "aws_vpc.vpc",
            "data.aws_availability_zones.available"
          ]
        }
      ]
    },
    {
      "mode": "managed",
      "type": "aws_route_table",
      "name": "private_route_table",
      "provider": "provider[\"registry.terraform.io/hashicorp/aws\"]",
      "instances": [
        {
          "schema_version": 0,
          "attributes": {
            "arn": "arn:aws:ec2:eu-west-1:303968904536:route-table/rtb-041841dc78fdf71d5",
            "id": "rtb-041841dc78fdf71d5",
            "owner_id": "303968904536",
            "propagating_vgws": [],
            "route": [
              {
                "carrier_gateway_id": "",
                "cidr_block": "0.0.0.0/0",
                "core_network_arn": "",
                "destination_prefix_list_id": "",
                "egress_only_gateway_id": "",
                "gateway_id": "",
                "ipv6_cidr_block": "",
                "local_gateway_id": "",
                "nat_gateway_id": "nat-01d30e2e3d76ed3c1",
                "network_interface_id": "",
                "transit_gateway_id": "",
                "vpc_endpoint_id": "",
                "vpc_peering_connection_id": ""
              }
            ],
            "tags": {
              "Name": "terraformEnvironment-private-route-table"
            },
            "tags_all": {
              "Name": "terraformEnvironment-private-route-table"
            },
            "timeouts": null,
            "vpc_id": "vpc-086f7b655cbbc33b5"
          },
          "sensitive_attributes": [],
          "private": "eyJlMmJmYjczMC1lY2FhLTExZTYtOGY4OC0zNDM2M2JjN2M0YzAiOnsiY3JlYXRlIjozMDAwMDAwMDAwMDAsImRlbGV0ZSI6MzAwMDAwMDAwMDAwLCJ1cGRhdGUiOjEyMDAwMDAwMDAwMH19",
          "dependencies": [
            "aws_eip.elastic_ip",
            "aws_internet_gateway.internet_gateway",
            "aws_nat_gateway.nat_gateway",
            "aws_subnet.public_subnet",
            "aws_vpc.vpc",
            "data.aws_availability_zones.available"
          ]
        }
      ]
    },
    {
      "mode": "managed",
      "type": "aws_route_table",
      "name": "public_route_table",
      "provider": "provider[\"registry.terraform.io/hashicorp/aws\"]",
      "instances": [
        {
          "schema_version": 0,
          "attributes": {
            "arn": "arn:aws:ec2:eu-west-1:303968904536:route-table/rtb-06b9f665ab3518f74",
            "id": "rtb-06b9f665ab3518f74",
            "owner_id": "303968904536",
            "propagating_vgws": [],
            "route": [
              {
                "carrier_gateway_id": "",
                "cidr_block": "0.0.0.0/0",
                "core_network_arn": "",
                "destination_prefix_list_id": "",
                "egress_only_gateway_id": "",
                "gateway_id": "igw-01105cf52c7cb4950",
                "ipv6_cidr_block": "",
                "local_gateway_id": "",
                "nat_gateway_id": "",
                "network_interface_id": "",
                "transit_gateway_id": "",
                "vpc_endpoint_id": "",
                "vpc_peering_connection_id": ""
              }
            ],
            "tags": {
              "Name": "terraformEnvironment-public-route-table"
            },
            "tags_all": {
              "Name": "terraformEnvironment-public-route-table"
            },
            "timeouts": null,
            "vpc_id": "vpc-086f7b655cbbc33b5"
          },
          "sensitive_attributes": [],
          "private": "eyJlMmJmYjczMC1lY2FhLTExZTYtOGY4OC0zNDM2M2JjN2M0YzAiOnsiY3JlYXRlIjozMDAwMDAwMDAwMDAsImRlbGV0ZSI6MzAwMDAwMDAwMDAwLCJ1cGRhdGUiOjEyMDAwMDAwMDAwMH19",
          "dependencies": [
            "aws_internet_gateway.internet_gateway",
            "aws_vpc.vpc"
          ]
        }
      ]
    },
    {
      "mode": "managed",
      "type": "aws_route_table_association",
      "name": "private_rt_assoc",
      "provider": "provider[\"registry.terraform.io/hashicorp/aws\"]",
      "instances": [
        {
          "index_key": 0,
          "schema_version": 0,
          "attributes": {
            "gateway_id": "",
            "id": "rtbassoc-0357432bbd8a833e0",
            "route_table_id": "rtb-041841dc78fdf71d5",
            "subnet_id": "subnet-0c35da497a9bbe7e7",
            "timeouts": null
          },
          "sensitive_attributes": [],
          "private": "eyJlMmJmYjczMC1lY2FhLTExZTYtOGY4OC0zNDM2M2JjN2M0YzAiOnsiY3JlYXRlIjozMDAwMDAwMDAwMDAsImRlbGV0ZSI6MzAwMDAwMDAwMDAwLCJ1cGRhdGUiOjEyMDAwMDAwMDAwMH19",
          "dependencies": [
            "aws_eip.elastic_ip",
            "aws_internet_gateway.internet_gateway",
            "aws_nat_gateway.nat_gateway",
            "aws_route_table.private_route_table",
            "aws_subnet.private_subnet",
            "aws_subnet.public_subnet",
            "aws_vpc.vpc",
            "data.aws_availability_zones.available"
          ]
        },
        {
          "index_key": 1,
          "schema_version": 0,
          "attributes": {
            "gateway_id": "",
            "id": "rtbassoc-0d9c906c077370caf",
            "route_table_id": "rtb-041841dc78fdf71d5",
            "subnet_id": "subnet-0f67ce31317c52851",
            "timeouts": null
          },
          "sensitive_attributes": [],
          "private": "eyJlMmJmYjczMC1lY2FhLTExZTYtOGY4OC0zNDM2M2JjN2M0YzAiOnsiY3JlYXRlIjozMDAwMDAwMDAwMDAsImRlbGV0ZSI6MzAwMDAwMDAwMDAwLCJ1cGRhdGUiOjEyMDAwMDAwMDAwMH19",
          "dependencies": [
            "aws_eip.elastic_ip",
            "aws_internet_gateway.internet_gateway",
            "aws_nat_gateway.nat_gateway",
            "aws_route_table.private_route_table",
            "aws_subnet.private_subnet",
            "aws_subnet.public_subnet",
            "aws_vpc.vpc",
            "data.aws_availability_zones.available"
          ]
        }
      ]
    },
    {
      "mode": "managed",
      "type": "aws_route_table_association",
      "name": "public_rt_assoc",
      "provider": "provider[\"registry.terraform.io/hashicorp/aws\"]",
      "instances": [
        {
          "index_key": 0,
          "schema_version": 0,
          "attributes": {
            "gateway_id": "",
            "id": "rtbassoc-061aa7a5deb9d99b0",
            "route_table_id": "rtb-06b9f665ab3518f74",
            "subnet_id": "subnet-0089e23d44c7ead8c",
            "timeouts": null
          },
          "sensitive_attributes": [],
          "private": "eyJlMmJmYjczMC1lY2FhLTExZTYtOGY4OC0zNDM2M2JjN2M0YzAiOnsiY3JlYXRlIjozMDAwMDAwMDAwMDAsImRlbGV0ZSI6MzAwMDAwMDAwMDAwLCJ1cGRhdGUiOjEyMDAwMDAwMDAwMH19",
          "dependencies": [
            "aws_internet_gateway.internet_gateway",
            "aws_route_table.public_route_table",
            "aws_subnet.public_subnet",
            "aws_vpc.vpc",
            "data.aws_availability_zones.available"
          ]
        },
        {
          "index_key": 1,
          "schema_version": 0,
          "attributes": {
            "gateway_id": "",
            "id": "rtbassoc-09f7c945fac039bb5",
            "route_table_id": "rtb-06b9f665ab3518f74",
            "subnet_id": "subnet-0ed58b0c1b3a78eec",
            "timeouts": null
          },
          "sensitive_attributes": [],
          "private": "eyJlMmJmYjczMC1lY2FhLTExZTYtOGY4OC0zNDM2M2JjN2M0YzAiOnsiY3JlYXRlIjozMDAwMDAwMDAwMDAsImRlbGV0ZSI6MzAwMDAwMDAwMDAwLCJ1cGRhdGUiOjEyMDAwMDAwMDAwMH19",
          "dependencies": [
            "aws_internet_gateway.internet_gateway",
            "aws_route_table.public_route_table",
            "aws_subnet.public_subnet",
            "aws_vpc.vpc",
            "data.aws_availability_zones.available"
          ]
        }
      ]
    },
    {
      "mode": "managed",
      "type": "aws_security_group",
      "name": "alb_security_group",
      "provider": "provider[\"registry.terraform.io/hashicorp/aws\"]",
      "instances": [
        {
          "schema_version": 1,
          "attributes": {
            "arn": "arn:aws:ec2:eu-west-1:303968904536:security-group/sg-06d578b9fcd6f6e61",
            "description": "ALB Security Group",
            "egress": [
              {
                "cidr_blocks": [
                  "0.0.0.0/0"
                ],
                "description": "",
                "from_port": 0,
                "ipv6_cidr_blocks": [],
                "prefix_list_ids": [],
                "protocol": "-1",
                "security_groups": [],
                "self": false,
                "to_port": 0
              }
            ],
            "id": "sg-06d578b9fcd6f6e61",
            "ingress": [
              {
                "cidr_blocks": [
                  "0.0.0.0/0"
                ],
                "description": "HTTP from Internet",
                "from_port": 22,
                "ipv6_cidr_blocks": [],
                "prefix_list_ids": [],
                "protocol": "tcp",
                "security_groups": [],
                "self": false,
                "to_port": 22
              },
              {
                "cidr_blocks": [
                  "0.0.0.0/0"
                ],
                "description": "HTTP from Internet",
                "from_port": 80,
                "ipv6_cidr_blocks": [],
                "prefix_list_ids": [],
                "protocol": "tcp",
                "security_groups": [],
                "self": false,
                "to_port": 80
              }
            ],
            "name": "terraformEnvironment-alb-security-group",
            "name_prefix": "",
            "owner_id": "303968904536",
            "revoke_rules_on_delete": false,
            "tags": {
              "Name": "terraformEnvironment-alb-security-group"
            },
            "tags_all": {
              "Name": "terraformEnvironment-alb-security-group"
            },
            "timeouts": null,
            "vpc_id": "vpc-086f7b655cbbc33b5"
          },
          "sensitive_attributes": [],
          "private": "eyJlMmJmYjczMC1lY2FhLTExZTYtOGY4OC0zNDM2M2JjN2M0YzAiOnsiY3JlYXRlIjo2MDAwMDAwMDAwMDAsImRlbGV0ZSI6OTAwMDAwMDAwMDAwfSwic2NoZW1hX3ZlcnNpb24iOiIxIn0=",
          "dependencies": [
            "aws_vpc.vpc"
          ]
        }
      ]
    },
    {
      "mode": "managed",
      "type": "aws_security_group",
      "name": "asg_security_group",
      "provider": "provider[\"registry.terraform.io/hashicorp/aws\"]",
      "instances": [
        {
          "schema_version": 1,
          "attributes": {
            "arn": "arn:aws:ec2:eu-west-1:303968904536:security-group/sg-007f139690ddccc58",
            "description": "ASG Security Group",
            "egress": [
              {
                "cidr_blocks": [
                  "0.0.0.0/0"
                ],
                "description": "",
                "from_port": 0,
                "ipv6_cidr_blocks": [],
                "prefix_list_ids": [],
                "protocol": "-1",
                "security_groups": [],
                "self": false,
                "to_port": 0
              }
            ],
            "id": "sg-007f139690ddccc58",
            "ingress": [
              {
                "cidr_blocks": [],
                "description": "HTTP from ALB",
                "from_port": 22,
                "ipv6_cidr_blocks": [],
                "prefix_list_ids": [],
                "protocol": "tcp",
                "security_groups": [
                  "sg-06d578b9fcd6f6e61"
                ],
                "self": false,
                "to_port": 22
              },
              {
                "cidr_blocks": [],
                "description": "HTTP from ALB",
                "from_port": 80,
                "ipv6_cidr_blocks": [],
                "prefix_list_ids": [],
                "protocol": "tcp",
                "security_groups": [
                  "sg-06d578b9fcd6f6e61"
                ],
                "self": false,
                "to_port": 80
              }
            ],
            "name": "terraformEnvironment-asg-security-group",
            "name_prefix": "",
            "owner_id": "303968904536",
            "revoke_rules_on_delete": false,
            "tags": {
              "Name": "terraformEnvironment-asg-security-group"
            },
            "tags_all": {
              "Name": "terraformEnvironment-asg-security-group"
            },
            "timeouts": null,
            "vpc_id": "vpc-086f7b655cbbc33b5"
          },
          "sensitive_attributes": [],
          "private": "eyJlMmJmYjczMC1lY2FhLTExZTYtOGY4OC0zNDM2M2JjN2M0YzAiOnsiY3JlYXRlIjo2MDAwMDAwMDAwMDAsImRlbGV0ZSI6OTAwMDAwMDAwMDAwfSwic2NoZW1hX3ZlcnNpb24iOiIxIn0=",
          "dependencies": [
            "aws_security_group.alb_security_group",
            "aws_vpc.vpc"
          ]
        }
      ]
    },
    {
      "mode": "managed",
      "type": "aws_subnet",
      "name": "private_subnet",
      "provider": "provider[\"registry.terraform.io/hashicorp/aws\"]",
      "instances": [
        {
          "index_key": 0,
          "schema_version": 1,
          "attributes": {
            "arn": "arn:aws:ec2:eu-west-1:303968904536:subnet/subnet-0c35da497a9bbe7e7",
            "assign_ipv6_address_on_creation": false,
            "availability_zone": "eu-west-1a",
            "availability_zone_id": "euw1-az2",
            "cidr_block": "10.10.3.0/24",
            "customer_owned_ipv4_pool": "",
            "enable_dns64": false,
            "enable_lni_at_device_index": 0,
            "enable_resource_name_dns_a_record_on_launch": false,
            "enable_resource_name_dns_aaaa_record_on_launch": false,
            "id": "subnet-0c35da497a9bbe7e7",
            "ipv6_cidr_block": "",
            "ipv6_cidr_block_association_id": "",
            "ipv6_native": false,
            "map_customer_owned_ip_on_launch": false,
            "map_public_ip_on_launch": false,
            "outpost_arn": "",
            "owner_id": "303968904536",
            "private_dns_hostname_type_on_launch": "ip-name",
            "tags": {
              "Name": "terraformEnvironment-private-subnet-eu-west-1a"
            },
            "tags_all": {
              "Name": "terraformEnvironment-private-subnet-eu-west-1a"
            },
            "timeouts": null,
            "vpc_id": "vpc-086f7b655cbbc33b5"
          },
          "sensitive_attributes": [],
          "private": "eyJlMmJmYjczMC1lY2FhLTExZTYtOGY4OC0zNDM2M2JjN2M0YzAiOnsiY3JlYXRlIjo2MDAwMDAwMDAwMDAsImRlbGV0ZSI6MTIwMDAwMDAwMDAwMH0sInNjaGVtYV92ZXJzaW9uIjoiMSJ9",
          "dependencies": [
            "aws_vpc.vpc",
            "data.aws_availability_zones.available"
          ]
        },
        {
          "index_key": 1,
          "schema_version": 1,
          "attributes": {
            "arn": "arn:aws:ec2:eu-west-1:303968904536:subnet/subnet-0f67ce31317c52851",
            "assign_ipv6_address_on_creation": false,
            "availability_zone": "eu-west-1b",
            "availability_zone_id": "euw1-az3",
            "cidr_block": "10.10.4.0/24",
            "customer_owned_ipv4_pool": "",
            "enable_dns64": false,
            "enable_lni_at_device_index": 0,
            "enable_resource_name_dns_a_record_on_launch": false,
            "enable_resource_name_dns_aaaa_record_on_launch": false,
            "id": "subnet-0f67ce31317c52851",
            "ipv6_cidr_block": "",
            "ipv6_cidr_block_association_id": "",
            "ipv6_native": false,
            "map_customer_owned_ip_on_launch": false,
            "map_public_ip_on_launch": false,
            "outpost_arn": "",
            "owner_id": "303968904536",
            "private_dns_hostname_type_on_launch": "ip-name",
            "tags": {
              "Name": "terraformEnvironment-private-subnet-eu-west-1b"
            },
            "tags_all": {
              "Name": "terraformEnvironment-private-subnet-eu-west-1b"
            },
            "timeouts": null,
            "vpc_id": "vpc-086f7b655cbbc33b5"
          },
          "sensitive_attributes": [],
          "private": "eyJlMmJmYjczMC1lY2FhLTExZTYtOGY4OC0zNDM2M2JjN2M0YzAiOnsiY3JlYXRlIjo2MDAwMDAwMDAwMDAsImRlbGV0ZSI6MTIwMDAwMDAwMDAwMH0sInNjaGVtYV92ZXJzaW9uIjoiMSJ9",
          "dependencies": [
            "aws_vpc.vpc",
            "data.aws_availability_zones.available"
          ]
        }
      ]
    },
    {
      "mode": "managed",
      "type": "aws_subnet",
      "name": "public_subnet",
      "provider": "provider[\"registry.terraform.io/hashicorp/aws\"]",
      "instances": [
        {
          "index_key": 0,
          "schema_version": 1,
          "attributes": {
            "arn": "arn:aws:ec2:eu-west-1:303968904536:subnet/subnet-0089e23d44c7ead8c",
            "assign_ipv6_address_on_creation": false,
            "availability_zone": "eu-west-1a",
            "availability_zone_id": "euw1-az2",
            "cidr_block": "10.10.0.0/24",
            "customer_owned_ipv4_pool": "",
            "enable_dns64": false,
            "enable_lni_at_device_index": 0,
            "enable_resource_name_dns_a_record_on_launch": false,
            "enable_resource_name_dns_aaaa_record_on_launch": false,
            "id": "subnet-0089e23d44c7ead8c",
            "ipv6_cidr_block": "",
            "ipv6_cidr_block_association_id": "",
            "ipv6_native": false,
            "map_customer_owned_ip_on_launch": false,
            "map_public_ip_on_launch": true,
            "outpost_arn": "",
            "owner_id": "303968904536",
            "private_dns_hostname_type_on_launch": "ip-name",
            "tags": {
              "Name": "terraformEnvironment-public-subnet-eu-west-1a"
            },
            "tags_all": {
              "Name": "terraformEnvironment-public-subnet-eu-west-1a"
            },
            "timeouts": null,
            "vpc_id": "vpc-086f7b655cbbc33b5"
          },
          "sensitive_attributes": [],
          "private": "eyJlMmJmYjczMC1lY2FhLTExZTYtOGY4OC0zNDM2M2JjN2M0YzAiOnsiY3JlYXRlIjo2MDAwMDAwMDAwMDAsImRlbGV0ZSI6MTIwMDAwMDAwMDAwMH0sInNjaGVtYV92ZXJzaW9uIjoiMSJ9",
          "dependencies": [
            "aws_vpc.vpc",
            "data.aws_availability_zones.available"
          ]
        },
        {
          "index_key": 1,
          "schema_version": 1,
          "attributes": {
            "arn": "arn:aws:ec2:eu-west-1:303968904536:subnet/subnet-0ed58b0c1b3a78eec",
            "assign_ipv6_address_on_creation": false,
            "availability_zone": "eu-west-1b",
            "availability_zone_id": "euw1-az3",
            "cidr_block": "10.10.2.0/24",
            "customer_owned_ipv4_pool": "",
            "enable_dns64": false,
            "enable_lni_at_device_index": 0,
            "enable_resource_name_dns_a_record_on_launch": false,
            "enable_resource_name_dns_aaaa_record_on_launch": false,
            "id": "subnet-0ed58b0c1b3a78eec",
            "ipv6_cidr_block": "",
            "ipv6_cidr_block_association_id": "",
            "ipv6_native": false,
            "map_customer_owned_ip_on_launch": false,
            "map_public_ip_on_launch": true,
            "outpost_arn": "",
            "owner_id": "303968904536",
            "private_dns_hostname_type_on_launch": "ip-name",
            "tags": {
              "Name": "terraformEnvironment-public-subnet-eu-west-1b"
            },
            "tags_all": {
              "Name": "terraformEnvironment-public-subnet-eu-west-1b"
            },
            "timeouts": null,
            "vpc_id": "vpc-086f7b655cbbc33b5"
          },
          "sensitive_attributes": [],
          "private": "eyJlMmJmYjczMC1lY2FhLTExZTYtOGY4OC0zNDM2M2JjN2M0YzAiOnsiY3JlYXRlIjo2MDAwMDAwMDAwMDAsImRlbGV0ZSI6MTIwMDAwMDAwMDAwMH0sInNjaGVtYV92ZXJzaW9uIjoiMSJ9",
          "dependencies": [
            "aws_vpc.vpc",
            "data.aws_availability_zones.available"
          ]
        }
      ]
    },
    {
      "mode": "managed",
      "type": "aws_vpc",
      "name": "vpc",
      "provider": "provider[\"registry.terraform.io/hashicorp/aws\"]",
      "instances": [
        {
          "schema_version": 1,
          "attributes": {
            "arn": "arn:aws:ec2:eu-west-1:303968904536:vpc/vpc-086f7b655cbbc33b5",
            "assign_generated_ipv6_cidr_block": false,
            "cidr_block": "10.10.0.0/16",
            "default_network_acl_id": "acl-0b990551e1cf71973",
            "default_route_table_id": "rtb-063418f24b94a8b23",
            "default_security_group_id": "sg-01c992f87573fc158",
            "dhcp_options_id": "dopt-055f4415275576b90",
            "enable_dns_hostnames": false,
            "enable_dns_support": true,
            "enable_network_address_usage_metrics": false,
            "id": "vpc-086f7b655cbbc33b5",
            "instance_tenancy": "default",
            "ipv4_ipam_pool_id": null,
            "ipv4_netmask_length": null,
            "ipv6_association_id": "",
            "ipv6_cidr_block": "",
            "ipv6_cidr_block_network_border_group": "",
            "ipv6_ipam_pool_id": "",
            "ipv6_netmask_length": 0,
            "main_route_table_id": "rtb-063418f24b94a8b23",
            "owner_id": "303968904536",
            "tags": {
              "Name": "TFVPC"
            },
            "tags_all": {
              "Name": "TFVPC"
            }
          },
          "sensitive_attributes": [],
          "private": "eyJzY2hlbWFfdmVyc2lvbiI6IjEifQ=="
        }
      ]
    }
  ],
  "check_results": null
}
